
Microsoft Visual Studio Solution File, Format Version 12.00
# Visual Studio Version 17
VisualStudioVersion = 17.9.34728.123
MinimumVisualStudioVersion = 10.0.40219.1
Project("{FAE04EC0-301F-11D3-BF4B-00C04F79EFBC}") = "BanglarBir", "BanglarBir\BanglarBir.csproj", "{87191D86-6B84-4039-B175-7BC1A0CD6681}"
EndProject
Global
	GlobalSection(SolutionConfigurationPlatforms) = preSolution
		Debug|Any CPU = Debug|Any CPU
		Release|Any CPU = Release|Any CPU
	EndGlobalSection
	GlobalSection(ProjectConfigurationPlatforms) = postSolution
		{87191D86-6B84-4039-B175-7BC1A0CD6681}.Debug|Any CPU.ActiveCfg = Debug|Any CPU
		{87191D86-6B84-4039-B175-7BC1A0CD6681}.Debug|Any CPU.Build.0 = Debug|Any CPU
		{87191D86-6B84-4039-B175-7BC1A0CD6681}.Release|Any CPU.ActiveCfg = Release|Any CPU
		{87191D86-6B84-4039-B175-7BC1A0CD6681}.Release|Any CPU.Build.0 = Release|Any CPU
	EndGlobalSection
	GlobalSection(SolutionProperties) = preSolution
		HideSolutionNode = FALSE
	EndGlobalSection
	GlobalSection(ExtensibilityGlobals) = postSolution
		SolutionGuid = {AB0FA402-8CDF-4858-A50E-F14ECEF79FA9}
	EndGlobalSection
EndGlobal
